
Microsoft Visual Studio Solution File, Format Version 12.00
# Visual Studio Version 17
VisualStudioVersion = 17.12.35707.178
MinimumVisualStudioVersion = 10.0.40219.1
Project("{FAE04EC0-301F-11D3-BF4B-00C04F79EFBC}") = "DevHabit.Api", "DevHabit.Api\DevHabit.Api.csproj", "{8F2CBF7D-C23D-4841-93FD-1F9D2853481A}"
EndProject
Project("{2150E333-8FDC-42A3-9474-1A3956D46DE8}") = "src", "src", "{9A28697C-3F54-48E5-BCB0-9E0EC0897B80}"
EndProject
Project("{2150E333-8FDC-42A3-9474-1A3956D46DE8}") = "Solution Items", "Solution Items", "{99EC4DDA-3FBB-4FED-96A9-CD9EECEB57D7}"
	ProjectSection(SolutionItems) = preProject
		Directory.Build.props = Directory.Build.props
		Directory.Packages.props = Directory.Packages.props
	EndProjectSection
EndProject
Project("{E53339B2-1760-4266-BCC7-CA923CBCF16C}") = "docker-compose", "docker-compose.dcproj", "{A4ED7D6B-684F-4E92-ABB1-EF147787A913}"
EndProject
Global
	GlobalSection(SolutionConfigurationPlatforms) = preSolution
		Debug|Any CPU = Debug|Any CPU
		Release|Any CPU = Release|Any CPU
	EndGlobalSection
	GlobalSection(ProjectConfigurationPlatforms) = postSolution
		{8F2CBF7D-C23D-4841-93FD-1F9D2853481A}.Debug|Any CPU.ActiveCfg = Debug|Any CPU
		{8F2CBF7D-C23D-4841-93FD-1F9D2853481A}.Debug|Any CPU.Build.0 = Debug|Any CPU
		{8F2CBF7D-C23D-4841-93FD-1F9D2853481A}.Release|Any CPU.ActiveCfg = Release|Any CPU
		{8F2CBF7D-C23D-4841-93FD-1F9D2853481A}.Release|Any CPU.Build.0 = Release|Any CPU
		{A4ED7D6B-684F-4E92-ABB1-EF147787A913}.Debug|Any CPU.ActiveCfg = Debug|Any CPU
		{A4ED7D6B-684F-4E92-ABB1-EF147787A913}.Debug|Any CPU.Build.0 = Debug|Any CPU
		{A4ED7D6B-684F-4E92-ABB1-EF147787A913}.Release|Any CPU.ActiveCfg = Release|Any CPU
		{A4ED7D6B-684F-4E92-ABB1-EF147787A913}.Release|Any CPU.Build.0 = Release|Any CPU
	EndGlobalSection
	GlobalSection(SolutionProperties) = preSolution
		HideSolutionNode = FALSE
	EndGlobalSection
	GlobalSection(NestedProjects) = preSolution
		{8F2CBF7D-C23D-4841-93FD-1F9D2853481A} = {9A28697C-3F54-48E5-BCB0-9E0EC0897B80}
	EndGlobalSection
EndGlobal
